
Microsoft Visual Studio Solution File, Format Version 12.00
# Visual Studio Version 17
VisualStudioVersion = 17.12.35707.178
MinimumVisualStudioVersion = 10.0.40219.1
Project("{FAE04EC0-301F-11D3-BF4B-00C04F79EFBC}") = "FlightEase", "FlightEase\FlightEase.csproj", "{23978039-4043-4BB5-85B5-955C4AB74D9F}"
EndProject
Project("{FAE04EC0-301F-11D3-BF4B-00C04F79EFBC}") = "FlightEase.Domains", "FlightEase.Domains\FlightEase.Domains.csproj", "{D4DC3A35-F62A-436E-A740-3E36397E4C91}"
EndProject
Project("{FAE04EC0-301F-11D3-BF4B-00C04F79EFBC}") = "FlightEase.Repositories", "FlightEase.Repositories\FlightEase.Repositories.csproj", "{5DEDBDEE-12C2-4305-8C24-247662B5318F}"
EndProject
Project("{FAE04EC0-301F-11D3-BF4B-00C04F79EFBC}") = "FlightEase.Services", "FlightEase.Services\FlightEase.Services.csproj", "{17B92736-6F1D-4C43-B8F0-4F93F6D32A98}"
EndProject
Project("{FAE04EC0-301F-11D3-BF4B-00C04F79EFBC}") = "FlightEase.Util", "FlightEase.Util\FlightEase.Util.csproj", "{18CB4747-B160-445A-ABFE-731ABF5D8601}"
EndProject
Global
	GlobalSection(SolutionConfigurationPlatforms) = preSolution
		Debug|Any CPU = Debug|Any CPU
		Release|Any CPU = Release|Any CPU
	EndGlobalSection
	GlobalSection(ProjectConfigurationPlatforms) = postSolution
		{23978039-4043-4BB5-85B5-955C4AB74D9F}.Debug|Any CPU.ActiveCfg = Debug|Any CPU
		{23978039-4043-4BB5-85B5-955C4AB74D9F}.Debug|Any CPU.Build.0 = Debug|Any CPU
		{23978039-4043-4BB5-85B5-955C4AB74D9F}.Release|Any CPU.ActiveCfg = Release|Any CPU
		{23978039-4043-4BB5-85B5-955C4AB74D9F}.Release|Any CPU.Build.0 = Release|Any CPU
		{D4DC3A35-F62A-436E-A740-3E36397E4C91}.Debug|Any CPU.ActiveCfg = Debug|Any CPU
		{D4DC3A35-F62A-436E-A740-3E36397E4C91}.Debug|Any CPU.Build.0 = Debug|Any CPU
		{D4DC3A35-F62A-436E-A740-3E36397E4C91}.Release|Any CPU.ActiveCfg = Release|Any CPU
		{D4DC3A35-F62A-436E-A740-3E36397E4C91}.Release|Any CPU.Build.0 = Release|Any CPU
		{5DEDBDEE-12C2-4305-8C24-247662B5318F}.Debug|Any CPU.ActiveCfg = Debug|Any CPU
		{5DEDBDEE-12C2-4305-8C24-247662B5318F}.Debug|Any CPU.Build.0 = Debug|Any CPU
		{5DEDBDEE-12C2-4305-8C24-247662B5318F}.Release|Any CPU.ActiveCfg = Release|Any CPU
		{5DEDBDEE-12C2-4305-8C24-247662B5318F}.Release|Any CPU.Build.0 = Release|Any CPU
		{17B92736-6F1D-4C43-B8F0-4F93F6D32A98}.Debug|Any CPU.ActiveCfg = Debug|Any CPU
		{17B92736-6F1D-4C43-B8F0-4F93F6D32A98}.Debug|Any CPU.Build.0 = Debug|Any CPU
		{17B92736-6F1D-4C43-B8F0-4F93F6D32A98}.Release|Any CPU.ActiveCfg = Release|Any CPU
		{17B92736-6F1D-4C43-B8F0-4F93F6D32A98}.Release|Any CPU.Build.0 = Release|Any CPU
		{18CB4747-B160-445A-ABFE-731ABF5D8601}.Debug|Any CPU.ActiveCfg = Debug|Any CPU
		{18CB4747-B160-445A-ABFE-731ABF5D8601}.Debug|Any CPU.Build.0 = Debug|Any CPU
		{18CB4747-B160-445A-ABFE-731ABF5D8601}.Release|Any CPU.ActiveCfg = Release|Any CPU
		{18CB4747-B160-445A-ABFE-731ABF5D8601}.Release|Any CPU.Build.0 = Release|Any CPU
	EndGlobalSection
	GlobalSection(SolutionProperties) = preSolution
		HideSolutionNode = FALSE
	EndGlobalSection
EndGlobal
